
Microsoft Visual Studio Solution File, Format Version 12.00
# Visual Studio Version 16
VisualStudioVersion = 16.0.31624.102
MinimumVisualStudioVersion = 10.0.40219.1
Project("{F184B08F-C81C-45F6-A57F-5ABD9991F28F}") = "XBoxController", "Plugintest\XBoxController.vbproj", "{311E34E8-D126-0576-30D2-65FCE9BE7C5F}"
EndProject
Global
	GlobalSection(SolutionConfigurationPlatforms) = preSolution
		Debug|Any CPU = Debug|Any CPU
		Debug|x86 = Debug|x86
		Release|Any CPU = Release|Any CPU
		Release|x86 = Release|x86
	EndGlobalSection
	GlobalSection(ProjectConfigurationPlatforms) = postSolution
		{311E34E8-D126-0576-30D2-65FCE9BE7C5F}.Debug|Any CPU.ActiveCfg = Release|Any CPU
		{311E34E8-D126-0576-30D2-65FCE9BE7C5F}.Debug|Any CPU.Build.0 = Release|Any CPU
		{311E34E8-D126-0576-30D2-65FCE9BE7C5F}.Debug|x86.ActiveCfg = Debug|x86
		{311E34E8-D126-0576-30D2-65FCE9BE7C5F}.Debug|x86.Build.0 = Debug|x86
		{311E34E8-D126-0576-30D2-65FCE9BE7C5F}.Release|Any CPU.ActiveCfg = Release|Any CPU
		{311E34E8-D126-0576-30D2-65FCE9BE7C5F}.Release|Any CPU.Build.0 = Release|Any CPU
		{311E34E8-D126-0576-30D2-65FCE9BE7C5F}.Release|x86.ActiveCfg = Release|x86
		{311E34E8-D126-0576-30D2-65FCE9BE7C5F}.Release|x86.Build.0 = Release|x86
	EndGlobalSection
	GlobalSection(SolutionProperties) = preSolution
		HideSolutionNode = FALSE
	EndGlobalSection
	GlobalSection(ExtensibilityGlobals) = postSolution
		SolutionGuid = {4E8863CD-179F-46AC-A93A-603C1AD94FD9}
	EndGlobalSection
EndGlobal
